
Microsoft Visual Studio Solution File, Format Version 12.00
# Visual Studio Version 17
VisualStudioVersion = 17.0.31903.59
MinimumVisualStudioVersion = 10.0.40219.1
Project("{2150E333-8FDC-42A3-9474-1A3956D46DE8}") = "src", "src", "{36E41DD5-E56D-4294-A7D3-6DB616406ACA}"
EndProject
Project("{FAE04EC0-301F-11D3-BF4B-00C04F79EFBC}") = "Portus", "src\Portus\Portus.csproj", "{6E74CEAE-DA7E-4B42-9392-EE2C052A26F6}"
EndProject
Global
	GlobalSection(SolutionConfigurationPlatforms) = preSolution
		Debug|Any CPU = Debug|Any CPU
		Release|Any CPU = Release|Any CPU
	EndGlobalSection
	GlobalSection(SolutionProperties) = preSolution
		HideSolutionNode = FALSE
	EndGlobalSection
	GlobalSection(ProjectConfigurationPlatforms) = postSolution
		{6E74CEAE-DA7E-4B42-9392-EE2C052A26F6}.Debug|Any CPU.ActiveCfg = Debug|Any CPU
		{6E74CEAE-DA7E-4B42-9392-EE2C052A26F6}.Debug|Any CPU.Build.0 = Debug|Any CPU
		{6E74CEAE-DA7E-4B42-9392-EE2C052A26F6}.Release|Any CPU.ActiveCfg = Release|Any CPU
		{6E74CEAE-DA7E-4B42-9392-EE2C052A26F6}.Release|Any CPU.Build.0 = Release|Any CPU
	EndGlobalSection
	GlobalSection(NestedProjects) = preSolution
		{6E74CEAE-DA7E-4B42-9392-EE2C052A26F6} = {36E41DD5-E56D-4294-A7D3-6DB616406ACA}
	EndGlobalSection
EndGlobal
